
Microsoft Visual Studio Solution File, Format Version 12.00
# Visual Studio Version 16
VisualStudioVersion = 16.0.29613.14
MinimumVisualStudioVersion = 10.0.40219.1
Project("{FAE04EC0-301F-11D3-BF4B-00C04F79EFBC}") = "Web", "Web\Web.csproj", "{1799F953-3A78-45A6-9A14-79BED99D4F53}"
EndProject
Project("{FAE04EC0-301F-11D3-BF4B-00C04F79EFBC}") = "UnitTest", "UnitTest\UnitTest.csproj", "{C394979C-8C2F-48C7-AA22-502A575F6C4B}"
EndProject
Project("{FAE04EC0-301F-11D3-BF4B-00C04F79EFBC}") = "Common", "Common\Common.csproj", "{08A7ED15-771F-48A9-AC97-B2094912FD59}"
EndProject
Project("{FAE04EC0-301F-11D3-BF4B-00C04F79EFBC}") = "Data", "Data\Data.csproj", "{DFE4AD87-FE3D-470F-AC51-01FCBD33AB86}"
EndProject
Project("{FAE04EC0-301F-11D3-BF4B-00C04F79EFBC}") = "Service", "Service\Service.csproj", "{64D7ACD0-B818-4D34-B0EB-5FD50A428C91}"
EndProject
Project("{FAE04EC0-301F-11D3-BF4B-00C04F79EFBC}") = "Model", "Model\Model.csproj", "{8FB192DF-8632-48BA-A3F2-888437A2BEB6}"
EndProject
Global
	GlobalSection(SolutionConfigurationPlatforms) = preSolution
		Debug|Any CPU = Debug|Any CPU
		Release|Any CPU = Release|Any CPU
	EndGlobalSection
	GlobalSection(ProjectConfigurationPlatforms) = postSolution
		{1799F953-3A78-45A6-9A14-79BED99D4F53}.Debug|Any CPU.ActiveCfg = Debug|Any CPU
		{1799F953-3A78-45A6-9A14-79BED99D4F53}.Debug|Any CPU.Build.0 = Debug|Any CPU
		{1799F953-3A78-45A6-9A14-79BED99D4F53}.Release|Any CPU.ActiveCfg = Release|Any CPU
		{1799F953-3A78-45A6-9A14-79BED99D4F53}.Release|Any CPU.Build.0 = Release|Any CPU
		{C394979C-8C2F-48C7-AA22-502A575F6C4B}.Debug|Any CPU.ActiveCfg = Debug|Any CPU
		{C394979C-8C2F-48C7-AA22-502A575F6C4B}.Debug|Any CPU.Build.0 = Debug|Any CPU
		{C394979C-8C2F-48C7-AA22-502A575F6C4B}.Release|Any CPU.ActiveCfg = Release|Any CPU
		{C394979C-8C2F-48C7-AA22-502A575F6C4B}.Release|Any CPU.Build.0 = Release|Any CPU
		{08A7ED15-771F-48A9-AC97-B2094912FD59}.Debug|Any CPU.ActiveCfg = Debug|Any CPU
		{08A7ED15-771F-48A9-AC97-B2094912FD59}.Debug|Any CPU.Build.0 = Debug|Any CPU
		{08A7ED15-771F-48A9-AC97-B2094912FD59}.Release|Any CPU.ActiveCfg = Release|Any CPU
		{08A7ED15-771F-48A9-AC97-B2094912FD59}.Release|Any CPU.Build.0 = Release|Any CPU
		{DFE4AD87-FE3D-470F-AC51-01FCBD33AB86}.Debug|Any CPU.ActiveCfg = Debug|Any CPU
		{DFE4AD87-FE3D-470F-AC51-01FCBD33AB86}.Debug|Any CPU.Build.0 = Debug|Any CPU
		{DFE4AD87-FE3D-470F-AC51-01FCBD33AB86}.Release|Any CPU.ActiveCfg = Release|Any CPU
		{DFE4AD87-FE3D-470F-AC51-01FCBD33AB86}.Release|Any CPU.Build.0 = Release|Any CPU
		{64D7ACD0-B818-4D34-B0EB-5FD50A428C91}.Debug|Any CPU.ActiveCfg = Debug|Any CPU
		{64D7ACD0-B818-4D34-B0EB-5FD50A428C91}.Debug|Any CPU.Build.0 = Debug|Any CPU
		{64D7ACD0-B818-4D34-B0EB-5FD50A428C91}.Release|Any CPU.ActiveCfg = Release|Any CPU
		{64D7ACD0-B818-4D34-B0EB-5FD50A428C91}.Release|Any CPU.Build.0 = Release|Any CPU
		{8FB192DF-8632-48BA-A3F2-888437A2BEB6}.Debug|Any CPU.ActiveCfg = Debug|Any CPU
		{8FB192DF-8632-48BA-A3F2-888437A2BEB6}.Debug|Any CPU.Build.0 = Debug|Any CPU
		{8FB192DF-8632-48BA-A3F2-888437A2BEB6}.Release|Any CPU.ActiveCfg = Release|Any CPU
		{8FB192DF-8632-48BA-A3F2-888437A2BEB6}.Release|Any CPU.Build.0 = Release|Any CPU
	EndGlobalSection
	GlobalSection(SolutionProperties) = preSolution
		HideSolutionNode = FALSE
	EndGlobalSection
	GlobalSection(ExtensibilityGlobals) = postSolution
		SolutionGuid = {0EF44EF7-858C-4425-B4A4-AFF42ECB1BD1}
	EndGlobalSection
EndGlobal
